#!r6rs ; -*- mode: scheme; coding: utf-8 -*-
;; This file is automatically generated - do not change it by hand.
(import (akku format lockfile))
(projects
 ((name "ip-address")
   (location
     (url "https://archive.akkuscm.org/archive/pkg/i/ip-address_1.0.0_repack.tar.xz"))
   (content
     (sha256
       "29ae6a9ff8c2c784ec08e66f0c3195c10a86b2c23fb5a40819599aaaa13863e4")))
 ((name "packrat")
   (location
     (url "https://archive.akkuscm.org/archive/pkg/p/packrat_0.1.1_repack.tar.xz"))
   (content
     (sha256
       "ba72d6b8081ac5ab4344de026b1cff3a86414c746a979fbb407f2ad05fd66c8c")))
 ((name "struct-pack")
   (location
     (url "https://archive.akkuscm.org/archive/pkg/s/struct-pack_1.1.1_repack.tar.xz"))
   (content
     (sha256
       "42d34a4d7052bdda1bddec0dfddd8f1e576bd0a51b483215a4ca3a8ed7b56d09")))
 ((name "wak-common")
   (location
     (url "https://archive.akkuscm.org/archive/pkg/w/wak-common_0.1.0-akku.15.6d495fc_repack.tar.xz"))
   (content
     (sha256
       "9c5170c85c885d9e35ce62dcf829597d31cc0b3697b79fe544640bf828c5a22d")))
 ((name "wak-irregex")
   (location
     (url "https://archive.akkuscm.org/archive/pkg/w/wak-irregex_0.8.1_repack.tar.xz"))
   (content
     (sha256
       "097677fcd0d3a7a741729d4b3bad04ea083fff0fc2cd9b0332b44d1e067a9eca")))
 ((name "wak-syn-param")
   (location
     (url "https://archive.akkuscm.org/archive/pkg/w/wak-syn-param_0.0.0-akku.4.8ca3272_repack.tar.xz"))
   (content
     (sha256
       "f81250b57f88336805b43c72f491d5a652fe8221a0f5529361d3401bcd60ec7c")))
 ((name "chez-srfi")
   (location
     (url "https://archive.akkuscm.org/archive/pkg/c/chez-srfi_0.0.0-akku.181.7879b52_repack.tar.xz"))
   (content
     (sha256
       "f002bc7fc669b5980c885a5fb6770f8e016b06761e8e9755154bfa3a4f578fcb")))
 ((name "industria")
   (location
     (url "https://archive.akkuscm.org/archive/pkg/i/industria_2.1.0_repack.tar.xz"))
   (content
     (sha256
       "dacd4976bfae23da90289b39221aa69ddc83973a989ed87323d52517c93ba008")))
 ((name "spells")
   (location
     (url "https://archive.akkuscm.org/archive/pkg/s/spells_0.0.0-akku.509.1bfe3b8_repack.tar.xz"))
   (content
     (sha256
       "03d8c1bb15e0a31cfbad5f30c5f23146ea0826947f1093d3890ebc44f66bc0f7")))
 ((name "semver")
   (location
     (url "https://archive.akkuscm.org/archive/pkg/s/semver_1.0.4_repack.tar.xz"))
   (content
     (sha256
       "e20046c87741d7af6468422a459c304413a152b765fa674a66addf732273252e")))
 ((name "spdx")
   (location
     (url "https://archive.akkuscm.org/archive/pkg/s/spdx_1.0.0_repack.tar.xz"))
   (content
     (sha256
       "5e621cb4447c9fb5136002aa01f5600de84f44cd321786262af69de4c6379c66")))
 ((name "wak-fmt")
   (location
     (url "https://archive.akkuscm.org/archive/pkg/w/wak-fmt_0.8.0-akku.10.d5b2a5a_repack.tar.xz"))
   (content
     (sha256
       "807c3b78a2c5d4a89017a8a811a5f58fe3a2c81494107cab710b23d9f1a3a34f")))
 ((name "wak-riastreams")
   (location
     (url "https://archive.akkuscm.org/archive/pkg/w/wak-riastreams_0.0.0-akku.5.b444645_repack.tar.xz"))
   (content
     (sha256
       "9d31a6f505db6b8bcdd8d3387c302084e7efa97ba7faded987fbeb2c2f666de8")))
 ((name "wak-foof-loop")
   (location
     (url "https://archive.akkuscm.org/archive/pkg/w/wak-foof-loop_0.0.0-akku.4.a7b9cd8_repack.tar.xz"))
   (content
     (sha256
       "4612a0060480d128cb00d7b0f67e7455f5765960bc9b2e95c3471dd14ebf01a4")))
 ((name "wak-wt-tree")
   (location
     (url "https://archive.akkuscm.org/archive/pkg/w/wak-wt-tree_0.0.0-akku.5.2a2c933_repack.tar.xz"))
   (content
     (sha256
       "049871743518fc55bc63e6ba9da651e78d4ec892c852cef2607fc64033fc0a7b")))
 ((name "hashing")
   (location
     (url "https://archive.akkuscm.org/archive/pkg/h/hashing_1.3.0_repack.tar.xz"))
   (content
     (sha256
       "45dc285ed1dbfe24fc54c2417fe5baefc408c3cad502333894d3c111f8255be6")))
 ((name "compression")
   (location
     (url "https://archive.akkuscm.org/archive/pkg/c/compression_0.1.2_repack.tar.xz"))
   (content
     (sha256
       "68109a1b95d731a95fb762260e4be411fb971363eb2d89075d95fe138008395d")))
 ((name "laesare")
   (location
     (url "https://archive.akkuscm.org/archive/pkg/l/laesare_1.0.0_repack.tar.xz"))
   (content
     (sha256
       "bd9c6cf5dabc9fc961094e0bf3f7339b7ad13902cb80a1e62377d57991548d7b")))
 ((name "r6rs-pffi")
   (location
     (url "https://archive.akkuscm.org/archive/pkg/r/r6rs-pffi_1.4.0_repack.tar.xz"))
   (content
     (sha256
       "c5cbd55231883aa3dea0c8cd20ffd180368ffd674433ae0513caf59287ba4160")))
 ((name (chibi match))
   (location
     (url "http://snow-fort.org/s/gmail.com/alexshinn/chibi/match/0.7.3/chibi-match-0.7.3.tgz"))
   (content
     (sha256
       "a165dcf7676ff178964b8cd58bcf6ee68d879605a025a8193b6b4af769f9bdc8")))
 ((name "akku-r7rs")
   (location
     (url "https://archive.akkuscm.org/archive/pkg/a/akku-r7rs_1.0.1_repack.tar.xz"))
   (content
     (sha256
       "dedce2bc5eda6735aa5880741802a5b508b49c3b327d14b40e9fecbdf86353db"))))
