#!r6rs ; -*- mode: scheme; coding: utf-8 -*-
;; This file is automatically generated - do not change it by hand.
(import (akku format lockfile))
(projects
 ((name "ip-address")
   (location
     (git "https://github.com/weinholt/ip-address.git"))
   (tag "v1.0.0")
   (revision "7574dcab570a444a0b925a22d8fc11b485482ae1"))
 ((name "packrat")
   (location (git "https://github.com/weinholt/packrat.git"))
   (tag "v0.1.1")
   (revision "4201ebe741b605db58a21d70195cfb7db3c38eae"))
 ((name "struct-pack")
   (location
     (git "https://github.com/weinholt/struct-pack.git"))
   (tag "v1.1.1")
   (revision "11b71963793ed4a3bf761efdd83cf2fe123239ee"))
 ((name "wak-common")
   (location
     (git "https://gitlab.com/weinholt/wak-common.git"))
   (revision "6d495fcaf7250f414614b1979d1ac07904496970"))
 ((name "wak-irregex")
   (location (git "https://gitlab.com/wak/wak-irregex.git"))
   (revision "e0304c7ac9b67a1e9dc1e5ec8ec9ceb3ff0ff019"))
 ((name "wak-syn-param")
   (location (git "https://gitlab.com/wak/wak-syn-param.git"))
   (revision "8ca3272796e62fda209ca0395439e02edfd5087d"))
 ((name "chez-srfi")
   (location (git "https://github.com/arcfide/chez-srfi"))
   (revision "daf5ebd67ef36fd2388d6a62e278ba8d04b11abf"))
 ((name "industria")
   (location (git "https://github.com/weinholt/industria.git"))
   (tag "v2.1.0")
   (revision "360090f68bd9b2096f2e8da8d62b1786af453a3c"))
 ((name "spells")
   (location (git "https://github.com/weinholt/spells.git"))
   (revision "f91ed0b954e5f17b10b324b719e32b5c0ab0396c"))
 ((name "semver")
   (location (git "https://github.com/weinholt/semver.git"))
   (tag "v1.0.3")
   (revision "97f51c1facd477477618f8a842f259525daf5559"))
 ((name "spdx")
   (location (git "https://github.com/weinholt/spdx.git"))
   (tag "v1.0.0")
   (revision "7df9873ee079086a533d500de4358c0adb96f2ff"))
 ((name "wak-fmt")
   (location (git "https://gitlab.com/wak/wak-fmt.git"))
   (revision "d5b2a5aec60daf66b347d345498584628cd043cd"))
 ((name "wak-riastreams")
   (location (git "https://gitlab.com/wak/wak-riastreams.git"))
   (revision "b44464595c745a78c016c5360252440cbae00f46"))
 ((name "wak-foof-loop")
   (location
     (git "https://gitlab.com/weinholt/wak-foof-loop.git"))
   (revision "a7b9cd8af9d66a16d450f30203c43252b931b31c"))
 ((name "wak-wt-tree")
   (location (git "https://gitlab.com/wak/wak-wt-tree.git"))
   (revision "2a2c9335b7e75563e6e037236daffe23da36bb1b"))
 ((name "hashing")
   (location (git "https://github.com/weinholt/hashing.git"))
   (tag "v1.2.0")
   (revision "f138deaec38d54ddb621c082764ece276deebe7f"))
 ((name "compression")
   (location
     (git "https://github.com/weinholt/compression.git"))
   (tag "v0.1.2")
   (revision "019ed92d92b71d737f3d5beba4464da5184f7833"))
 ((name "laesare")
   (location (git "https://github.com/weinholt/laesare.git"))
   (revision "45cc94a102cb69a99e201700c9919068cb6fd6f0"))
 ((name "r6rs-pffi")
   (location (git "https://github.com/ktakashi/r6rs-pffi"))
   (revision "2a62053059d7e2dee53fc3e1905bffb71a64bb7a"))
 ((name (chibi match))
   (location
     (url "http://snow-fort.org/s/gmail.com/alexshinn/chibi/match/0.7.3/chibi-match-0.7.3.tgz"))
   (content
     (sha256
       "a165dcf7676ff178964b8cd58bcf6ee68d879605a025a8193b6b4af769f9bdc8")))
 ((name "akku-r7rs")
   (location (git "https://gitlab.com/akkuscm/akku-r7rs.git"))
   (tag "v1.0.0-beta.4")
   (revision "ca21d9724e46b6b0ff03089f2a7bfc6f981fe959")))
