#!r6rs ; -*- mode: scheme; coding: utf-8 -*-
;; This file is automatically generated - do not change it by hand.
(import (akku format lockfile))
(projects
  ((name "chez-srfi")
    (location (git "https://github.com/arcfide/chez-srfi"))
    (revision "73bbf95564184140242fa3d806bdb5995af42ae3"))
  ((name "compression")
    (location
      (git "https://github.com/weinholt/compression.git"))
    (tag "v0.1.1")
    (revision "a0ef2461a99da7b256ea6a63960bf23a5e39419a"))
  ((name "hashing")
    (location (git "https://github.com/weinholt/hashing.git"))
    (tag "v1.2.0")
    (revision "f138deaec38d54ddb621c082764ece276deebe7f"))
  ((name "industria")
    (location (git "https://github.com/weinholt/industria.git"))
    (tag "v2.0.0")
    (revision "abd008257da3f26f690072c3fdb8fe23ff933d46"))
  ((name "ip-address")
    (location
      (git "https://github.com/weinholt/ip-address.git"))
    (tag "v1.0.0")
    (revision "7574dcab570a444a0b925a22d8fc11b485482ae1"))
  ((name "laesare")
    (location (git "https://github.com/weinholt/laesare.git"))
    (tag "v1.0.0-alpha.0")
    (revision "f48dfa57a0b0fc4b5d3e74733ec201a0a4256cbf"))
  ((name "packrat")
    (location (git "https://github.com/weinholt/packrat.git"))
    (revision "ced37d579d9e3d13c0b2e0b5237063d9dd89cf5c"))
  ((name "semver")
    (location (git "https://github.com/weinholt/semver.git"))
    (tag "v1.0.1")
    (revision "0acf9751ced276a70cc77f9c127f1fb507b9a9fe"))
  ((name "spdx")
    (location (git "https://github.com/weinholt/spdx.git"))
    (tag "v1.0.0")
    (revision "7df9873ee079086a533d500de4358c0adb96f2ff"))
  ((name "spells")
    (location (git "https://github.com/weinholt/spells.git"))
    (revision "a5400406d8423381791a5ef648198f223851eaa2"))
  ((name "struct-pack")
    (location
      (git "https://github.com/weinholt/struct-pack.git"))
    (tag "v1.1.0")
    (revision "6c583e744154e31b529445824f858f734e6ad66e"))
  ((name "wak-common")
    (location
      (git "https://gitlab.com/weinholt/wak-common.git"))
    (revision "6d495fcaf7250f414614b1979d1ac07904496970"))
  ((name "wak-fmt")
    (location (git "https://gitlab.com/wak/wak-fmt.git"))
    (revision "d5b2a5aec60daf66b347d345498584628cd043cd"))
  ((name "wak-foof-loop")
    (location (git "https://gitlab.com/wak/wak-foof-loop.git"))
    (revision "57f2cafe2bd1554a94bab448ad9713aa6dce6a9a"))
  ((name "wak-irregex")
    (location (git "https://gitlab.com/wak/wak-irregex.git"))
    (revision "e0304c7ac9b67a1e9dc1e5ec8ec9ceb3ff0ff019"))
  ((name "wak-riastreams")
    (location (git "https://gitlab.com/wak/wak-riastreams.git"))
    (revision "b44464595c745a78c016c5360252440cbae00f46"))
  ((name "wak-syn-param")
    (location (git "https://gitlab.com/wak/wak-syn-param.git"))
    (revision "8ca3272796e62fda209ca0395439e02edfd5087d"))
  ((name "wak-wt-tree")
    (location (git "https://gitlab.com/wak/wak-wt-tree.git"))
    (revision "2a2c9335b7e75563e6e037236daffe23da36bb1b"))
  ((name "xitomatl")
    (location (git "https://github.com/weinholt/xitomatl.git"))
    (revision "b9babf030c13d9fc81fe1482aa49ff0b8fa0fee6")))
